
Microsoft Visual Studio Solution File, Format Version 12.00
# Visual Studio Version 17
VisualStudioVersion = 17.0.31903.59
MinimumVisualStudioVersion = 10.0.40219.1
Project("{FAE04EC0-301F-11D3-BF4B-00C04F79EFBC}") = "consolidation-csharp-mini-project-3", "Library\consolidation-csharp-mini-project-3.csproj", "{2CE64EB4-C9B8-40C9-85D1-7DD75563FB14}"
EndProject
Project("{FAE04EC0-301F-11D3-BF4B-00C04F79EFBC}") = "Tests", "Tests\Tests.csproj", "{95BB53BD-B8FE-45B5-B897-29549DE878F6}"
EndProject
Global
	GlobalSection(SolutionConfigurationPlatforms) = preSolution
		Debug|Any CPU = Debug|Any CPU
		Release|Any CPU = Release|Any CPU
	EndGlobalSection
	GlobalSection(SolutionProperties) = preSolution
		HideSolutionNode = FALSE
	EndGlobalSection
	GlobalSection(ProjectConfigurationPlatforms) = postSolution
		{2CE64EB4-C9B8-40C9-85D1-7DD75563FB14}.Debug|Any CPU.ActiveCfg = Debug|Any CPU
		{2CE64EB4-C9B8-40C9-85D1-7DD75563FB14}.Debug|Any CPU.Build.0 = Debug|Any CPU
		{2CE64EB4-C9B8-40C9-85D1-7DD75563FB14}.Release|Any CPU.ActiveCfg = Release|Any CPU
		{2CE64EB4-C9B8-40C9-85D1-7DD75563FB14}.Release|Any CPU.Build.0 = Release|Any CPU
		{95BB53BD-B8FE-45B5-B897-29549DE878F6}.Debug|Any CPU.ActiveCfg = Debug|Any CPU
		{95BB53BD-B8FE-45B5-B897-29549DE878F6}.Debug|Any CPU.Build.0 = Debug|Any CPU
		{95BB53BD-B8FE-45B5-B897-29549DE878F6}.Release|Any CPU.ActiveCfg = Release|Any CPU
		{95BB53BD-B8FE-45B5-B897-29549DE878F6}.Release|Any CPU.Build.0 = Release|Any CPU
	EndGlobalSection
EndGlobal
